
Microsoft Visual Studio Solution File, Format Version 12.00
# Visual Studio Version 16
VisualStudioVersion = 16.0.30907.101
MinimumVisualStudioVersion = 10.0.40219.1
Project("{9A19103F-16F7-4668-BE54-9A1E7A4F7556}") = "Entities", "Entities\Entities.csproj", "{2B722541-7EA7-46AD-9199-2B97D215202D}"
EndProject
Project("{9A19103F-16F7-4668-BE54-9A1E7A4F7556}") = "DataAccess", "DataAccess\DataAccess.csproj", "{7CA0D8EA-27E5-407C-A178-6369C99A1F52}"
EndProject
Project("{9A19103F-16F7-4668-BE54-9A1E7A4F7556}") = "Business", "Business\Business.csproj", "{2E961B3F-8188-48C1-9267-EB0AAF9C8021}"
EndProject
Project("{9A19103F-16F7-4668-BE54-9A1E7A4F7556}") = "ConsoleUI", "ConsoleUI\ConsoleUI.csproj", "{F01C2CFA-A20B-4E1C-8464-0104C2EFBEB7}"
EndProject
Project("{FAE04EC0-301F-11D3-BF4B-00C04F79EFBC}") = "Core", "Core\Core.csproj", "{3F2491FF-9F59-4251-AD58-F45111864EB7}"
EndProject
Global
	GlobalSection(SolutionConfigurationPlatforms) = preSolution
		Debug|Any CPU = Debug|Any CPU
		Release|Any CPU = Release|Any CPU
	EndGlobalSection
	GlobalSection(ProjectConfigurationPlatforms) = postSolution
		{2B722541-7EA7-46AD-9199-2B97D215202D}.Debug|Any CPU.ActiveCfg = Debug|Any CPU
		{2B722541-7EA7-46AD-9199-2B97D215202D}.Debug|Any CPU.Build.0 = Debug|Any CPU
		{2B722541-7EA7-46AD-9199-2B97D215202D}.Release|Any CPU.ActiveCfg = Release|Any CPU
		{2B722541-7EA7-46AD-9199-2B97D215202D}.Release|Any CPU.Build.0 = Release|Any CPU
		{7CA0D8EA-27E5-407C-A178-6369C99A1F52}.Debug|Any CPU.ActiveCfg = Debug|Any CPU
		{7CA0D8EA-27E5-407C-A178-6369C99A1F52}.Debug|Any CPU.Build.0 = Debug|Any CPU
		{7CA0D8EA-27E5-407C-A178-6369C99A1F52}.Release|Any CPU.ActiveCfg = Release|Any CPU
		{7CA0D8EA-27E5-407C-A178-6369C99A1F52}.Release|Any CPU.Build.0 = Release|Any CPU
		{2E961B3F-8188-48C1-9267-EB0AAF9C8021}.Debug|Any CPU.ActiveCfg = Debug|Any CPU
		{2E961B3F-8188-48C1-9267-EB0AAF9C8021}.Debug|Any CPU.Build.0 = Debug|Any CPU
		{2E961B3F-8188-48C1-9267-EB0AAF9C8021}.Release|Any CPU.ActiveCfg = Release|Any CPU
		{2E961B3F-8188-48C1-9267-EB0AAF9C8021}.Release|Any CPU.Build.0 = Release|Any CPU
		{F01C2CFA-A20B-4E1C-8464-0104C2EFBEB7}.Debug|Any CPU.ActiveCfg = Debug|Any CPU
		{F01C2CFA-A20B-4E1C-8464-0104C2EFBEB7}.Debug|Any CPU.Build.0 = Debug|Any CPU
		{F01C2CFA-A20B-4E1C-8464-0104C2EFBEB7}.Release|Any CPU.ActiveCfg = Release|Any CPU
		{F01C2CFA-A20B-4E1C-8464-0104C2EFBEB7}.Release|Any CPU.Build.0 = Release|Any CPU
		{3F2491FF-9F59-4251-AD58-F45111864EB7}.Debug|Any CPU.ActiveCfg = Debug|Any CPU
		{3F2491FF-9F59-4251-AD58-F45111864EB7}.Debug|Any CPU.Build.0 = Debug|Any CPU
		{3F2491FF-9F59-4251-AD58-F45111864EB7}.Release|Any CPU.ActiveCfg = Release|Any CPU
		{3F2491FF-9F59-4251-AD58-F45111864EB7}.Release|Any CPU.Build.0 = Release|Any CPU
	EndGlobalSection
	GlobalSection(SolutionProperties) = preSolution
		HideSolutionNode = FALSE
	EndGlobalSection
	GlobalSection(ExtensibilityGlobals) = postSolution
		SolutionGuid = {B6366D96-B364-48DB-8C88-C34DF002A880}
	EndGlobalSection
EndGlobal
